
Microsoft Visual Studio Solution File, Format Version 12.00
# Visual Studio Version 17
VisualStudioVersion = 17.7.34031.279
MinimumVisualStudioVersion = 10.0.40219.1
Project("{8BC9CEB8-8B4A-11D0-8D11-00A0C91BC942}") = "DiscordRPC", "DiscordRPC\DiscordRPC.vcxproj", "{CE510696-8E41-42E4-8E32-CBEA6FA28BDD}"
EndProject
Global
	GlobalSection(SolutionConfigurationPlatforms) = preSolution
		Debug|x64 = Debug|x64
		Debug|x86 = Debug|x86
		Release|x64 = Release|x64
		Release|x86 = Release|x86
	EndGlobalSection
	GlobalSection(ProjectConfigurationPlatforms) = postSolution
		{CE510696-8E41-42E4-8E32-CBEA6FA28BDD}.Debug|x64.ActiveCfg = Debug|x64
		{CE510696-8E41-42E4-8E32-CBEA6FA28BDD}.Debug|x64.Build.0 = Debug|x64
		{CE510696-8E41-42E4-8E32-CBEA6FA28BDD}.Debug|x86.ActiveCfg = Debug|Win32
		{CE510696-8E41-42E4-8E32-CBEA6FA28BDD}.Debug|x86.Build.0 = Debug|Win32
		{CE510696-8E41-42E4-8E32-CBEA6FA28BDD}.Release|x64.ActiveCfg = Release|x64
		{CE510696-8E41-42E4-8E32-CBEA6FA28BDD}.Release|x64.Build.0 = Release|x64
		{CE510696-8E41-42E4-8E32-CBEA6FA28BDD}.Release|x86.ActiveCfg = Release|Win32
		{CE510696-8E41-42E4-8E32-CBEA6FA28BDD}.Release|x86.Build.0 = Release|Win32
	EndGlobalSection
	GlobalSection(SolutionProperties) = preSolution
		HideSolutionNode = FALSE
	EndGlobalSection
	GlobalSection(ExtensibilityGlobals) = postSolution
		SolutionGuid = {9ECF5795-A997-4331-BA6F-2E4AF047EC7E}
	EndGlobalSection
EndGlobal
